
Microsoft Visual Studio Solution File, Format Version 12.00
# Visual Studio Version 17
VisualStudioVersion = 17.9.34701.34
MinimumVisualStudioVersion = 10.0.40219.1
Project("{FAE04EC0-301F-11D3-BF4B-00C04F79EFBC}") = "AvaloniaApplication12", "AvaloniaApplication12\AvaloniaApplication12.csproj", "{1DC876A6-127A-4825-9AB3-DD7DA5B4FCCB}"
EndProject
Global
	GlobalSection(SolutionConfigurationPlatforms) = preSolution
		Debug|Any CPU = Debug|Any CPU
		Release|Any CPU = Release|Any CPU
	EndGlobalSection
	GlobalSection(ProjectConfigurationPlatforms) = postSolution
		{1DC876A6-127A-4825-9AB3-DD7DA5B4FCCB}.Debug|Any CPU.ActiveCfg = Debug|Any CPU
		{1DC876A6-127A-4825-9AB3-DD7DA5B4FCCB}.Debug|Any CPU.Build.0 = Debug|Any CPU
		{1DC876A6-127A-4825-9AB3-DD7DA5B4FCCB}.Release|Any CPU.ActiveCfg = Release|Any CPU
		{1DC876A6-127A-4825-9AB3-DD7DA5B4FCCB}.Release|Any CPU.Build.0 = Release|Any CPU
	EndGlobalSection
	GlobalSection(SolutionProperties) = preSolution
		HideSolutionNode = FALSE
	EndGlobalSection
	GlobalSection(ExtensibilityGlobals) = postSolution
		SolutionGuid = {75437A13-99F2-44A1-93A2-E8B3B4C6D2B8}
	EndGlobalSection
EndGlobal
